// !$*UTF8*$!
{
	archiveVersion = 1;
	classes = {
	};
	objectVersion = 56;
	objects = {

/* Begin PBXBuildFile section */
		023C0B462A85BAA8002E548C /* ReusableViewProtocol.swift in Sources */ = {isa = PBXBuildFile; fileRef = 023C0B452A85BAA8002E548C /* ReusableViewProtocol.swift */; };
		023C0B482A85BD0A002E548C /* UserDefaultHelper.swift in Sources */ = {isa = PBXBuildFile; fileRef = 023C0B472A85BD0A002E548C /* UserDefaultHelper.swift */; };
		023C0B4A2A85C51E002E548C /* Endpoint.swift in Sources */ = {isa = PBXBuildFile; fileRef = 023C0B492A85C51E002E548C /* Endpoint.swift */; };
		023C0B4C2A85C5D1002E548C /* URL+Extension.swift in Sources */ = {isa = PBXBuildFile; fileRef = 023C0B4B2A85C5D1002E548C /* URL+Extension.swift */; };
		023C0B4E2A85C785002E548C /* KakaoAPIManager.swift in Sources */ = {isa = PBXBuildFile; fileRef = 023C0B4D2A85C785002E548C /* KakaoAPIManager.swift */; };
		023C0B502A85E381002E548C /* TranslateAPIManager.swift in Sources */ = {isa = PBXBuildFile; fileRef = 023C0B4F2A85E381002E548C /* TranslateAPIManager.swift */; };
		023C0B522A85FA14002E548C /* AsyncViewController.swift in Sources */ = {isa = PBXBuildFile; fileRef = 023C0B512A85FA14002E548C /* AsyncViewController.swift */; };
		023C0B742A8A02A4002E548C /* BoxOfficeData.swift in Sources */ = {isa = PBXBuildFile; fileRef = 023C0B732A8A02A4002E548C /* BoxOfficeData.swift */; };
		023C0B9A2A8CA79C002E548C /* Video.swift in Sources */ = {isa = PBXBuildFile; fileRef = 023C0B992A8CA79C002E548C /* Video.swift */; };
		0285B2D12A809682005B7C1D /* AppDelegate.swift in Sources */ = {isa = PBXBuildFile; fileRef = 0285B2D02A809682005B7C1D /* AppDelegate.swift */; };
		0285B2D32A809682005B7C1D /* SceneDelegate.swift in Sources */ = {isa = PBXBuildFile; fileRef = 0285B2D22A809682005B7C1D /* SceneDelegate.swift */; };
		0285B2D52A809682005B7C1D /* ViewController.swift in Sources */ = {isa = PBXBuildFile; fileRef = 0285B2D42A809682005B7C1D /* ViewController.swift */; };
		0285B2D82A809682005B7C1D /* Main.storyboard in Resources */ = {isa = PBXBuildFile; fileRef = 0285B2D62A809682005B7C1D /* Main.storyboard */; };
		0285B2DA2A809683005B7C1D /* Assets.xcassets in Resources */ = {isa = PBXBuildFile; fileRef = 0285B2D92A809683005B7C1D /* Assets.xcassets */; };
		0285B2DD2A809683005B7C1D /* LaunchScreen.storyboard in Resources */ = {isa = PBXBuildFile; fileRef = 0285B2DB2A809683005B7C1D /* LaunchScreen.storyboard */; };
		0285B2E62A8096C6005B7C1D /* Alamofire in Frameworks */ = {isa = PBXBuildFile; productRef = 0285B2E52A8096C6005B7C1D /* Alamofire */; };
		0285B2E92A8096D3005B7C1D /* SwiftyJSON in Frameworks */ = {isa = PBXBuildFile; productRef = 0285B2E82A8096D3005B7C1D /* SwiftyJSON */; };
		0285B2EC2A8096EF005B7C1D /* Kingfisher in Frameworks */ = {isa = PBXBuildFile; productRef = 0285B2EB2A8096EF005B7C1D /* Kingfisher */; };
		0285B2EE2A809B91005B7C1D /* .gitignore in Resources */ = {isa = PBXBuildFile; fileRef = 0285B2ED2A809B91005B7C1D /* .gitignore */; };
		0285B2F42A809C92005B7C1D /* APIKey.swift in Sources */ = {isa = PBXBuildFile; fileRef = 0285B2F32A809C92005B7C1D /* APIKey.swift */; };
		0285B2F62A81C4D3005B7C1D /* WeatherViewController.swift in Sources */ = {isa = PBXBuildFile; fileRef = 0285B2F52A81C4D3005B7C1D /* WeatherViewController.swift */; };
		0285B2F82A81E797005B7C1D /* VideoViewController.swift in Sources */ = {isa = PBXBuildFile; fileRef = 0285B2F72A81E797005B7C1D /* VideoViewController.swift */; };
		0285B2FA2A827219005B7C1D /* BeerApiViewController.swift in Sources */ = {isa = PBXBuildFile; fileRef = 0285B2F92A827219005B7C1D /* BeerApiViewController.swift */; };
		0285B2FC2A832322005B7C1D /* VideoTableViewCell.swift in Sources */ = {isa = PBXBuildFile; fileRef = 0285B2FB2A832322005B7C1D /* VideoTableViewCell.swift */; };
		0285B2FE2A8476F6005B7C1D /* PapagoViewController.swift in Sources */ = {isa = PBXBuildFile; fileRef = 0285B2FD2A8476F6005B7C1D /* PapagoViewController.swift */; };
/* End PBXBuildFile section */

/* Begin PBXFileReference section */
		023C0B452A85BAA8002E548C /* ReusableViewProtocol.swift */ = {isa = PBXFileReference; lastKnownFileType = sourcecode.swift; path = ReusableViewProtocol.swift; sourceTree = "<group>"; };
		023C0B472A85BD0A002E548C /* UserDefaultHelper.swift */ = {isa = PBXFileReference; lastKnownFileType = sourcecode.swift; path = UserDefaultHelper.swift; sourceTree = "<group>"; };
		023C0B492A85C51E002E548C /* Endpoint.swift */ = {isa = PBXFileReference; lastKnownFileType = sourcecode.swift; path = Endpoint.swift; sourceTree = "<group>"; };
		023C0B4B2A85C5D1002E548C /* URL+Extension.swift */ = {isa = PBXFileReference; lastKnownFileType = sourcecode.swift; path = "URL+Extension.swift"; sourceTree = "<group>"; };
		023C0B4D2A85C785002E548C /* KakaoAPIManager.swift */ = {isa = PBXFileReference; lastKnownFileType = sourcecode.swift; path = KakaoAPIManager.swift; sourceTree = "<group>"; };
		023C0B4F2A85E381002E548C /* TranslateAPIManager.swift */ = {isa = PBXFileReference; lastKnownFileType = sourcecode.swift; path = TranslateAPIManager.swift; sourceTree = "<group>"; };
		023C0B512A85FA14002E548C /* AsyncViewController.swift */ = {isa = PBXFileReference; lastKnownFileType = sourcecode.swift; path = AsyncViewController.swift; sourceTree = "<group>"; };
		023C0B732A8A02A4002E548C /* BoxOfficeData.swift */ = {isa = PBXFileReference; lastKnownFileType = sourcecode.swift; path = BoxOfficeData.swift; sourceTree = "<group>"; };
		023C0B992A8CA79C002E548C /* Video.swift */ = {isa = PBXFileReference; lastKnownFileType = sourcecode.swift; path = Video.swift; sourceTree = "<group>"; };
		0285B2CD2A809682005B7C1D /* SeSACWeek4.app */ = {isa = PBXFileReference; explicitFileType = wrapper.application; includeInIndex = 0; path = SeSACWeek4.app; sourceTree = BUILT_PRODUCTS_DIR; };
		0285B2D02A809682005B7C1D /* AppDelegate.swift */ = {isa = PBXFileReference; lastKnownFileType = sourcecode.swift; path = AppDelegate.swift; sourceTree = "<group>"; };
		0285B2D22A809682005B7C1D /* SceneDelegate.swift */ = {isa = PBXFileReference; lastKnownFileType = sourcecode.swift; path = SceneDelegate.swift; sourceTree = "<group>"; };
		0285B2D42A809682005B7C1D /* ViewController.swift */ = {isa = PBXFileReference; lastKnownFileType = sourcecode.swift; path = ViewController.swift; sourceTree = "<group>"; };
		0285B2D72A809682005B7C1D /* Base */ = {isa = PBXFileReference; lastKnownFileType = file.storyboard; name = Base; path = Base.lproj/Main.storyboard; sourceTree = "<group>"; };
		0285B2D92A809683005B7C1D /* Assets.xcassets */ = {isa = PBXFileReference; lastKnownFileType = folder.assetcatalog; path = Assets.xcassets; sourceTree = "<group>"; };
		0285B2DC2A809683005B7C1D /* Base */ = {isa = PBXFileReference; lastKnownFileType = file.storyboard; name = Base; path = Base.lproj/LaunchScreen.storyboard; sourceTree = "<group>"; };
		0285B2DE2A809683005B7C1D /* Info.plist */ = {isa = PBXFileReference; lastKnownFileType = text.plist.xml; path = Info.plist; sourceTree = "<group>"; };
		0285B2ED2A809B91005B7C1D /* .gitignore */ = {isa = PBXFileReference; lastKnownFileType = text; path = .gitignore; sourceTree = "<group>"; };
		0285B2F32A809C92005B7C1D /* APIKey.swift */ = {isa = PBXFileReference; lastKnownFileType = sourcecode.swift; path = APIKey.swift; sourceTree = "<group>"; };
		0285B2F52A81C4D3005B7C1D /* WeatherViewController.swift */ = {isa = PBXFileReference; lastKnownFileType = sourcecode.swift; path = WeatherViewController.swift; sourceTree = "<group>"; };
		0285B2F72A81E797005B7C1D /* VideoViewController.swift */ = {isa = PBXFileReference; lastKnownFileType = sourcecode.swift; path = VideoViewController.swift; sourceTree = "<group>"; };
		0285B2F92A827219005B7C1D /* BeerApiViewController.swift */ = {isa = PBXFileReference; lastKnownFileType = sourcecode.swift; path = BeerApiViewController.swift; sourceTree = "<group>"; };
		0285B2FB2A832322005B7C1D /* VideoTableViewCell.swift */ = {isa = PBXFileReference; lastKnownFileType = sourcecode.swift; path = VideoTableViewCell.swift; sourceTree = "<group>"; };
		0285B2FD2A8476F6005B7C1D /* PapagoViewController.swift */ = {isa = PBXFileReference; lastKnownFileType = sourcecode.swift; path = PapagoViewController.swift; sourceTree = "<group>"; };
/* End PBXFileReference section */

/* Begin PBXFrameworksBuildPhase section */
		0285B2CA2A809682005B7C1D /* Frameworks */ = {
			isa = PBXFrameworksBuildPhase;
			buildActionMask = 2147483647;
			files = (
				0285B2EC2A8096EF005B7C1D /* Kingfisher in Frameworks */,
				0285B2E92A8096D3005B7C1D /* SwiftyJSON in Frameworks */,
				0285B2E62A8096C6005B7C1D /* Alamofire in Frameworks */,
			);
			runOnlyForDeploymentPostprocessing = 0;
		};
/* End PBXFrameworksBuildPhase section */

/* Begin PBXGroup section */
		0285B2C42A809682005B7C1D = {
			isa = PBXGroup;
			children = (
				0285B2CF2A809682005B7C1D /* SeSACWeek4 */,
				0285B2CE2A809682005B7C1D /* Products */,
			);
			sourceTree = "<group>";
		};
		0285B2CE2A809682005B7C1D /* Products */ = {
			isa = PBXGroup;
			children = (
				0285B2CD2A809682005B7C1D /* SeSACWeek4.app */,
			);
			name = Products;
			sourceTree = "<group>";
		};
		0285B2CF2A809682005B7C1D /* SeSACWeek4 */ = {
			isa = PBXGroup;
			children = (
				0285B2D02A809682005B7C1D /* AppDelegate.swift */,
				0285B2D22A809682005B7C1D /* SceneDelegate.swift */,
				0285B2D42A809682005B7C1D /* ViewController.swift */,
				0285B2ED2A809B91005B7C1D /* .gitignore */,
				0285B2FD2A8476F6005B7C1D /* PapagoViewController.swift */,
				023C0B4F2A85E381002E548C /* TranslateAPIManager.swift */,
				023C0B4D2A85C785002E548C /* KakaoAPIManager.swift */,
				0285B2F72A81E797005B7C1D /* VideoViewController.swift */,
				0285B2FB2A832322005B7C1D /* VideoTableViewCell.swift */,
				0285B2D62A809682005B7C1D /* Main.storyboard */,
				0285B2F92A827219005B7C1D /* BeerApiViewController.swift */,
				023C0B732A8A02A4002E548C /* BoxOfficeData.swift */,
				0285B2F52A81C4D3005B7C1D /* WeatherViewController.swift */,
				023C0B512A85FA14002E548C /* AsyncViewController.swift */,
				023C0B992A8CA79C002E548C /* Video.swift */,
				023C0B452A85BAA8002E548C /* ReusableViewProtocol.swift */,
				023C0B472A85BD0A002E548C /* UserDefaultHelper.swift */,
				023C0B4B2A85C5D1002E548C /* URL+Extension.swift */,
				023C0B492A85C51E002E548C /* Endpoint.swift */,
				0285B2F32A809C92005B7C1D /* APIKey.swift */,
				0285B2D92A809683005B7C1D /* Assets.xcassets */,
				0285B2DB2A809683005B7C1D /* LaunchScreen.storyboard */,
				0285B2DE2A809683005B7C1D /* Info.plist */,
			);
			path = SeSACWeek4;
			sourceTree = "<group>";
		};
/* End PBXGroup section */

/* Begin PBXNativeTarget section */
		0285B2CC2A809682005B7C1D /* SeSACWeek4 */ = {
			isa = PBXNativeTarget;
			buildConfigurationList = 0285B2E12A809683005B7C1D /* Build configuration list for PBXNativeTarget "SeSACWeek4" */;
			buildPhases = (
				0285B2C92A809682005B7C1D /* Sources */,
				0285B2CA2A809682005B7C1D /* Frameworks */,
				0285B2CB2A809682005B7C1D /* Resources */,
			);
			buildRules = (
			);
			dependencies = (
			);
			name = SeSACWeek4;
			packageProductDependencies = (
				0285B2E52A8096C6005B7C1D /* Alamofire */,
				0285B2E82A8096D3005B7C1D /* SwiftyJSON */,
				0285B2EB2A8096EF005B7C1D /* Kingfisher */,
			);
			productName = SeSACWeek4;
			productReference = 0285B2CD2A809682005B7C1D /* SeSACWeek4.app */;
			productType = "com.apple.product-type.application";
		};
/* End PBXNativeTarget section */

/* Begin PBXProject section */
		0285B2C52A809682005B7C1D /* Project object */ = {
			isa = PBXProject;
			attributes = {
				BuildIndependentTargetsInParallel = 1;
				LastSwiftUpdateCheck = 1430;
				LastUpgradeCheck = 1430;
				TargetAttributes = {
					0285B2CC2A809682005B7C1D = {
						CreatedOnToolsVersion = 14.3.1;
					};
				};
			};
			buildConfigurationList = 0285B2C82A809682005B7C1D /* Build configuration list for PBXProject "SeSACWeek4" */;
			compatibilityVersion = "Xcode 14.0";
			developmentRegion = en;
			hasScannedForEncodings = 0;
			knownRegions = (
				en,
				Base,
			);
			mainGroup = 0285B2C42A809682005B7C1D;
			packageReferences = (
				0285B2E42A8096C6005B7C1D /* XCRemoteSwiftPackageReference "Alamofire" */,
				0285B2E72A8096D3005B7C1D /* XCRemoteSwiftPackageReference "SwiftyJSON" */,
				0285B2EA2A8096EF005B7C1D /* XCRemoteSwiftPackageReference "Kingfisher" */,
			);
			productRefGroup = 0285B2CE2A809682005B7C1D /* Products */;
			projectDirPath = "";
			projectRoot = "";
			targets = (
				0285B2CC2A809682005B7C1D /* SeSACWeek4 */,
			);
		};
/* End PBXProject section */

/* Begin PBXResourcesBuildPhase section */
		0285B2CB2A809682005B7C1D /* Resources */ = {
			isa = PBXResourcesBuildPhase;
			buildActionMask = 2147483647;
			files = (
				0285B2EE2A809B91005B7C1D /* .gitignore in Resources */,
				0285B2DD2A809683005B7C1D /* LaunchScreen.storyboard in Resources */,
				0285B2DA2A809683005B7C1D /* Assets.xcassets in Resources */,
				0285B2D82A809682005B7C1D /* Main.storyboard in Resources */,
			);
			runOnlyForDeploymentPostprocessing = 0;
		};
/* End PBXResourcesBuildPhase section */

/* Begin PBXSourcesBuildPhase section */
		0285B2C92A809682005B7C1D /* Sources */ = {
			isa = PBXSourcesBuildPhase;
			buildActionMask = 2147483647;
			files = (
				0285B2F82A81E797005B7C1D /* VideoViewController.swift in Sources */,
				023C0B522A85FA14002E548C /* AsyncViewController.swift in Sources */,
				023C0B462A85BAA8002E548C /* ReusableViewProtocol.swift in Sources */,
				0285B2FE2A8476F6005B7C1D /* PapagoViewController.swift in Sources */,
				0285B2F62A81C4D3005B7C1D /* WeatherViewController.swift in Sources */,
				023C0B4E2A85C785002E548C /* KakaoAPIManager.swift in Sources */,
				0285B2D52A809682005B7C1D /* ViewController.swift in Sources */,
				0285B2D12A809682005B7C1D /* AppDelegate.swift in Sources */,
				0285B2FA2A827219005B7C1D /* BeerApiViewController.swift in Sources */,
				023C0B742A8A02A4002E548C /* BoxOfficeData.swift in Sources */,
				0285B2D32A809682005B7C1D /* SceneDelegate.swift in Sources */,
				023C0B4C2A85C5D1002E548C /* URL+Extension.swift in Sources */,
				023C0B482A85BD0A002E548C /* UserDefaultHelper.swift in Sources */,
				023C0B9A2A8CA79C002E548C /* Video.swift in Sources */,
				0285B2F42A809C92005B7C1D /* APIKey.swift in Sources */,
				023C0B502A85E381002E548C /* TranslateAPIManager.swift in Sources */,
				023C0B4A2A85C51E002E548C /* Endpoint.swift in Sources */,
				0285B2FC2A832322005B7C1D /* VideoTableViewCell.swift in Sources */,
			);
			runOnlyForDeploymentPostprocessing = 0;
		};
/* End PBXSourcesBuildPhase section */

/* Begin PBXVariantGroup section */
		0285B2D62A809682005B7C1D /* Main.storyboard */ = {
			isa = PBXVariantGroup;
			children = (
				0285B2D72A809682005B7C1D /* Base */,
			);
			name = Main.storyboard;
			sourceTree = "<group>";
		};
		0285B2DB2A809683005B7C1D /* LaunchScreen.storyboard */ = {
			isa = PBXVariantGroup;
			children = (
				0285B2DC2A809683005B7C1D /* Base */,
			);
			name = LaunchScreen.storyboard;
			sourceTree = "<group>";
		};
/* End PBXVariantGroup section */

/* Begin XCBuildConfiguration section */
		0285B2DF2A809683005B7C1D /* Debug */ = {
			isa = XCBuildConfiguration;
			buildSettings = {
				ALWAYS_SEARCH_USER_PATHS = NO;
				CLANG_ANALYZER_NONNULL = YES;
				CLANG_ANALYZER_NUMBER_OBJECT_CONVERSION = YES_AGGRESSIVE;
				CLANG_CXX_LANGUAGE_STANDARD = "gnu++20";
				CLANG_ENABLE_MODULES = YES;
				CLANG_ENABLE_OBJC_ARC = YES;
				CLANG_ENABLE_OBJC_WEAK = YES;
				CLANG_WARN_BLOCK_CAPTURE_AUTORELEASING = YES;
				CLANG_WARN_BOOL_CONVERSION = YES;
				CLANG_WARN_COMMA = YES;
				CLANG_WARN_CONSTANT_CONVERSION = YES;
				CLANG_WARN_DEPRECATED_OBJC_IMPLEMENTATIONS = YES;
				CLANG_WARN_DIRECT_OBJC_ISA_USAGE = YES_ERROR;
				CLANG_WARN_DOCUMENTATION_COMMENTS = YES;
				CLANG_WARN_EMPTY_BODY = YES;
				CLANG_WARN_ENUM_CONVERSION = YES;
				CLANG_WARN_INFINITE_RECURSION = YES;
				CLANG_WARN_INT_CONVERSION = YES;
				CLANG_WARN_NON_LITERAL_NULL_CONVERSION = YES;
				CLANG_WARN_OBJC_IMPLICIT_RETAIN_SELF = YES;
				CLANG_WARN_OBJC_LITERAL_CONVERSION = YES;
				CLANG_WARN_OBJC_ROOT_CLASS = YES_ERROR;
				CLANG_WARN_QUOTED_INCLUDE_IN_FRAMEWORK_HEADER = YES;
				CLANG_WARN_RANGE_LOOP_ANALYSIS = YES;
				CLANG_WARN_STRICT_PROTOTYPES = YES;
				CLANG_WARN_SUSPICIOUS_MOVE = YES;
				CLANG_WARN_UNGUARDED_AVAILABILITY = YES_AGGRESSIVE;
				CLANG_WARN_UNREACHABLE_CODE = YES;
				CLANG_WARN__DUPLICATE_METHOD_MATCH = YES;
				COPY_PHASE_STRIP = NO;
				DEBUG_INFORMATION_FORMAT = dwarf;
				ENABLE_STRICT_OBJC_MSGSEND = YES;
				ENABLE_TESTABILITY = YES;
				GCC_C_LANGUAGE_STANDARD = gnu11;
				GCC_DYNAMIC_NO_PIC = NO;
				GCC_NO_COMMON_BLOCKS = YES;
				GCC_OPTIMIZATION_LEVEL = 0;
				GCC_PREPROCESSOR_DEFINITIONS = (
					"DEBUG=1",
					"$(inherited)",
				);
				GCC_WARN_64_TO_32_BIT_CONVERSION = YES;
				GCC_WARN_ABOUT_RETURN_TYPE = YES_ERROR;
				GCC_WARN_UNDECLARED_SELECTOR = YES;
				GCC_WARN_UNINITIALIZED_AUTOS = YES_AGGRESSIVE;
				GCC_WARN_UNUSED_FUNCTION = YES;
				GCC_WARN_UNUSED_VARIABLE = YES;
				IPHONEOS_DEPLOYMENT_TARGET = 16.4;
				MTL_ENABLE_DEBUG_INFO = INCLUDE_SOURCE;
				MTL_FAST_MATH = YES;
				ONLY_ACTIVE_ARCH = YES;
				SDKROOT = iphoneos;
				SWIFT_ACTIVE_COMPILATION_CONDITIONS = DEBUG;
				SWIFT_OPTIMIZATION_LEVEL = "-Onone";
			};
			name = Debug;
		};
		0285B2E02A809683005B7C1D /* Release */ = {
			isa = XCBuildConfiguration;
			buildSettings = {
				ALWAYS_SEARCH_USER_PATHS = NO;
				CLANG_ANALYZER_NONNULL = YES;
				CLANG_ANALYZER_NUMBER_OBJECT_CONVERSION = YES_AGGRESSIVE;
				CLANG_CXX_LANGUAGE_STANDARD = "gnu++20";
				CLANG_ENABLE_MODULES = YES;
				CLANG_ENABLE_OBJC_ARC = YES;
				CLANG_ENABLE_OBJC_WEAK = YES;
				CLANG_WARN_BLOCK_CAPTURE_AUTORELEASING = YES;
				CLANG_WARN_BOOL_CONVERSION = YES;
				CLANG_WARN_COMMA = YES;
				CLANG_WARN_CONSTANT_CONVERSION = YES;
				CLANG_WARN_DEPRECATED_OBJC_IMPLEMENTATIONS = YES;
				CLANG_WARN_DIRECT_OBJC_ISA_USAGE = YES_ERROR;
				CLANG_WARN_DOCUMENTATION_COMMENTS = YES;
				CLANG_WARN_EMPTY_BODY = YES;
				CLANG_WARN_ENUM_CONVERSION = YES;
				CLANG_WARN_INFINITE_RECURSION = YES;
				CLANG_WARN_INT_CONVERSION = YES;
				CLANG_WARN_NON_LITERAL_NULL_CONVERSION = YES;
				CLANG_WARN_OBJC_IMPLICIT_RETAIN_SELF = YES;
				CLANG_WARN_OBJC_LITERAL_CONVERSION = YES;
				CLANG_WARN_OBJC_ROOT_CLASS = YES_ERROR;
				CLANG_WARN_QUOTED_INCLUDE_IN_FRAMEWORK_HEADER = YES;
				CLANG_WARN_RANGE_LOOP_ANALYSIS = YES;
				CLANG_WARN_STRICT_PROTOTYPES = YES;
				CLANG_WARN_SUSPICIOUS_MOVE = YES;
				CLANG_WARN_UNGUARDED_AVAILABILITY = YES_AGGRESSIVE;
				CLANG_WARN_UNREACHABLE_CODE = YES;
				CLANG_WARN__DUPLICATE_METHOD_MATCH = YES;
				COPY_PHASE_STRIP = NO;
				DEBUG_INFORMATION_FORMAT = "dwarf-with-dsym";
				ENABLE_NS_ASSERTIONS = NO;
				ENABLE_STRICT_OBJC_MSGSEND = YES;
				GCC_C_LANGUAGE_STANDARD = gnu11;
				GCC_NO_COMMON_BLOCKS = YES;
				GCC_WARN_64_TO_32_BIT_CONVERSION = YES;
				GCC_WARN_ABOUT_RETURN_TYPE = YES_ERROR;
				GCC_WARN_UNDECLARED_SELECTOR = YES;
				GCC_WARN_UNINITIALIZED_AUTOS = YES_AGGRESSIVE;
				GCC_WARN_UNUSED_FUNCTION = YES;
				GCC_WARN_UNUSED_VARIABLE = YES;
				IPHONEOS_DEPLOYMENT_TARGET = 16.4;
				MTL_ENABLE_DEBUG_INFO = NO;
				MTL_FAST_MATH = YES;
				SDKROOT = iphoneos;
				SWIFT_COMPILATION_MODE = wholemodule;
				SWIFT_OPTIMIZATION_LEVEL = "-O";
				VALIDATE_PRODUCT = YES;
			};
			name = Release;
		};
		0285B2E22A809683005B7C1D /* Debug */ = {
			isa = XCBuildConfiguration;
			buildSettings = {
				ASSETCATALOG_COMPILER_APPICON_NAME = AppIcon;
				ASSETCATALOG_COMPILER_GLOBAL_ACCENT_COLOR_NAME = AccentColor;
				CODE_SIGN_STYLE = Automatic;
				CURRENT_PROJECT_VERSION = 1;
				DEVELOPMENT_TEAM = DBXHWJCYZK;
				GENERATE_INFOPLIST_FILE = YES;
				INFOPLIST_FILE = SeSACWeek4/Info.plist;
				INFOPLIST_KEY_UIApplicationSupportsIndirectInputEvents = YES;
				INFOPLIST_KEY_UILaunchStoryboardName = LaunchScreen;
				INFOPLIST_KEY_UIMainStoryboardFile = Main;
				INFOPLIST_KEY_UISupportedInterfaceOrientations_iPad = "UIInterfaceOrientationPortrait UIInterfaceOrientationPortraitUpsideDown UIInterfaceOrientationLandscapeLeft UIInterfaceOrientationLandscapeRight";
				INFOPLIST_KEY_UISupportedInterfaceOrientations_iPhone = "UIInterfaceOrientationPortrait UIInterfaceOrientationLandscapeLeft UIInterfaceOrientationLandscapeRight";
				IPHONEOS_DEPLOYMENT_TARGET = 15.0;
				LD_RUNPATH_SEARCH_PATHS = (
					"$(inherited)",
					"@executable_path/Frameworks",
				);
				MARKETING_VERSION = 1.0;
				PRODUCT_BUNDLE_IDENTIFIER = com.lavender.sesac.SeSACWeek4;
				PRODUCT_NAME = "$(TARGET_NAME)";
				SUPPORTED_PLATFORMS = "iphoneos iphonesimulator";
				SUPPORTS_MACCATALYST = NO;
				SUPPORTS_MAC_DESIGNED_FOR_IPHONE_IPAD = NO;
				SWIFT_EMIT_LOC_STRINGS = YES;
				SWIFT_VERSION = 5.0;
				TARGETED_DEVICE_FAMILY = 1;
			};
			name = Debug;
		};
		0285B2E32A809683005B7C1D /* Release */ = {
			isa = XCBuildConfiguration;
			buildSettings = {
				ASSETCATALOG_COMPILER_APPICON_NAME = AppIcon;
				ASSETCATALOG_COMPILER_GLOBAL_ACCENT_COLOR_NAME = AccentColor;
				CODE_SIGN_STYLE = Automatic;
				CURRENT_PROJECT_VERSION = 1;
				DEVELOPMENT_TEAM = DBXHWJCYZK;
				GENERATE_INFOPLIST_FILE = YES;
				INFOPLIST_FILE = SeSACWeek4/Info.plist;
				INFOPLIST_KEY_UIApplicationSupportsIndirectInputEvents = YES;
				INFOPLIST_KEY_UILaunchStoryboardName = LaunchScreen;
				INFOPLIST_KEY_UIMainStoryboardFile = Main;
				INFOPLIST_KEY_UISupportedInterfaceOrientations_iPad = "UIInterfaceOrientationPortrait UIInterfaceOrientationPortraitUpsideDown UIInterfaceOrientationLandscapeLeft UIInterfaceOrientationLandscapeRight";
				INFOPLIST_KEY_UISupportedInterfaceOrientations_iPhone = "UIInterfaceOrientationPortrait UIInterfaceOrientationLandscapeLeft UIInterfaceOrientationLandscapeRight";
				IPHONEOS_DEPLOYMENT_TARGET = 15.0;
				LD_RUNPATH_SEARCH_PATHS = (
					"$(inherited)",
					"@executable_path/Frameworks",
				);
				MARKETING_VERSION = 1.0;
				PRODUCT_BUNDLE_IDENTIFIER = com.lavender.sesac.SeSACWeek4;
				PRODUCT_NAME = "$(TARGET_NAME)";
				SUPPORTED_PLATFORMS = "iphoneos iphonesimulator";
				SUPPORTS_MACCATALYST = NO;
				SUPPORTS_MAC_DESIGNED_FOR_IPHONE_IPAD = NO;
				SWIFT_EMIT_LOC_STRINGS = YES;
				SWIFT_VERSION = 5.0;
				TARGETED_DEVICE_FAMILY = 1;
			};
			name = Release;
		};
/* End XCBuildConfiguration section */

/* Begin XCConfigurationList section */
		0285B2C82A809682005B7C1D /* Build configuration list for PBXProject "SeSACWeek4" */ = {
			isa = XCConfigurationList;
			buildConfigurations = (
				0285B2DF2A809683005B7C1D /* Debug */,
				0285B2E02A809683005B7C1D /* Release */,
			);
			defaultConfigurationIsVisible = 0;
			defaultConfigurationName = Release;
		};
		0285B2E12A809683005B7C1D /* Build configuration list for PBXNativeTarget "SeSACWeek4" */ = {
			isa = XCConfigurationList;
			buildConfigurations = (
				0285B2E22A809683005B7C1D /* Debug */,
				0285B2E32A809683005B7C1D /* Release */,
			);
			defaultConfigurationIsVisible = 0;
			defaultConfigurationName = Release;
		};
/* End XCConfigurationList section */

/* Begin XCRemoteSwiftPackageReference section */
		0285B2E42A8096C6005B7C1D /* XCRemoteSwiftPackageReference "Alamofire" */ = {
			isa = XCRemoteSwiftPackageReference;
			repositoryURL = "https://github.com/Alamofire/Alamofire.git";
			requirement = {
				kind = upToNextMajorVersion;
				minimumVersion = 5.0.0;
			};
		};
		0285B2E72A8096D3005B7C1D /* XCRemoteSwiftPackageReference "SwiftyJSON" */ = {
			isa = XCRemoteSwiftPackageReference;
			repositoryURL = "https://github.com/SwiftyJSON/SwiftyJSON.git";
			requirement = {
				kind = upToNextMajorVersion;
				minimumVersion = 5.0.0;
			};
		};
		0285B2EA2A8096EF005B7C1D /* XCRemoteSwiftPackageReference "Kingfisher" */ = {
			isa = XCRemoteSwiftPackageReference;
			repositoryURL = "https://github.com/onevcat/Kingfisher.git";
			requirement = {
				kind = upToNextMajorVersion;
				minimumVersion = 7.0.0;
			};
		};
/* End XCRemoteSwiftPackageReference section */

/* Begin XCSwiftPackageProductDependency section */
		0285B2E52A8096C6005B7C1D /* Alamofire */ = {
			isa = XCSwiftPackageProductDependency;
			package = 0285B2E42A8096C6005B7C1D /* XCRemoteSwiftPackageReference "Alamofire" */;
			productName = Alamofire;
		};
		0285B2E82A8096D3005B7C1D /* SwiftyJSON */ = {
			isa = XCSwiftPackageProductDependency;
			package = 0285B2E72A8096D3005B7C1D /* XCRemoteSwiftPackageReference "SwiftyJSON" */;
			productName = SwiftyJSON;
		};
		0285B2EB2A8096EF005B7C1D /* Kingfisher */ = {
			isa = XCSwiftPackageProductDependency;
			package = 0285B2EA2A8096EF005B7C1D /* XCRemoteSwiftPackageReference "Kingfisher" */;
			productName = Kingfisher;
		};
/* End XCSwiftPackageProductDependency section */
	};
	rootObject = 0285B2C52A809682005B7C1D /* Project object */;
}
